
Microsoft Visual Studio Solution File, Format Version 12.00
# Visual Studio 15
VisualStudioVersion = 15.0.35026.233
MinimumVisualStudioVersion = 10.0.40219.1
Project("{FAE04EC0-301F-11D3-BF4B-00C04F79EFBC}") = "csoverlay", "csoverlay\csoverlay.csproj", "{38626784-7EDB-48B9-8738-18DB87D23EF0}"
EndProject
Global
	GlobalSection(SolutionConfigurationPlatforms) = preSolution
		Debug|Any CPU = Debug|Any CPU
		Release|Any CPU = Release|Any CPU
	EndGlobalSection
	GlobalSection(ProjectConfigurationPlatforms) = postSolution
		{38626784-7EDB-48B9-8738-18DB87D23EF0}.Debug|Any CPU.ActiveCfg = Debug|Any CPU
		{38626784-7EDB-48B9-8738-18DB87D23EF0}.Debug|Any CPU.Build.0 = Debug|Any CPU
		{38626784-7EDB-48B9-8738-18DB87D23EF0}.Release|Any CPU.ActiveCfg = Release|Any CPU
		{38626784-7EDB-48B9-8738-18DB87D23EF0}.Release|Any CPU.Build.0 = Release|Any CPU
	EndGlobalSection
	GlobalSection(SolutionProperties) = preSolution
		HideSolutionNode = FALSE
	EndGlobalSection
	GlobalSection(ExtensibilityGlobals) = postSolution
		SolutionGuid = {5D9BB880-231F-4F46-AA85-8629DAE6CA26}
	EndGlobalSection
EndGlobal
